
Microsoft Visual Studio Solution File, Format Version 12.00
# Visual Studio Version 17
VisualStudioVersion = 17.9.34622.214
MinimumVisualStudioVersion = 10.0.40219.1
Project("{9A19103F-16F7-4668-BE54-9A1E7A4F7556}") = "MahediBookStore", "MvcApp1\MahediBookStore.csproj", "{B4832C15-FC8C-4A55-A32D-134EEDFBC059}"
	ProjectSection(ProjectDependencies) = postProject
		{1115008C-E173-4759-85BA-F569CB2CE54B} = {1115008C-E173-4759-85BA-F569CB2CE54B}
		{9AD99BA0-8250-45EF-8401-D1D95848E14B} = {9AD99BA0-8250-45EF-8401-D1D95848E14B}
		{A5051FD7-668C-4F0E-95EE-5C818D453613} = {A5051FD7-668C-4F0E-95EE-5C818D453613}
	EndProjectSection
EndProject
Project("{9A19103F-16F7-4668-BE54-9A1E7A4F7556}") = "MahediBookStore.DataAccess", "MvcApp1.DataAceesss\MahediBookStore.DataAccess.csproj", "{9AD99BA0-8250-45EF-8401-D1D95848E14B}"
	ProjectSection(ProjectDependencies) = postProject
		{1115008C-E173-4759-85BA-F569CB2CE54B} = {1115008C-E173-4759-85BA-F569CB2CE54B}
		{A5051FD7-668C-4F0E-95EE-5C818D453613} = {A5051FD7-668C-4F0E-95EE-5C818D453613}
	EndProjectSection
EndProject
Project("{9A19103F-16F7-4668-BE54-9A1E7A4F7556}") = "MahediBookStore.Models", "MvcApp1.Models\MahediBookStore.Models.csproj", "{1115008C-E173-4759-85BA-F569CB2CE54B}"
	ProjectSection(ProjectDependencies) = postProject
		{A5051FD7-668C-4F0E-95EE-5C818D453613} = {A5051FD7-668C-4F0E-95EE-5C818D453613}
	EndProjectSection
EndProject
Project("{9A19103F-16F7-4668-BE54-9A1E7A4F7556}") = "MahediBookStore.Utility", "MvcApp1.Utility\MahediBookStore.Utility.csproj", "{A5051FD7-668C-4F0E-95EE-5C818D453613}"
EndProject
Global
	GlobalSection(SolutionConfigurationPlatforms) = preSolution
		Debug|Any CPU = Debug|Any CPU
		Release|Any CPU = Release|Any CPU
	EndGlobalSection
	GlobalSection(ProjectConfigurationPlatforms) = postSolution
		{B4832C15-FC8C-4A55-A32D-134EEDFBC059}.Debug|Any CPU.ActiveCfg = Debug|Any CPU
		{B4832C15-FC8C-4A55-A32D-134EEDFBC059}.Debug|Any CPU.Build.0 = Debug|Any CPU
		{B4832C15-FC8C-4A55-A32D-134EEDFBC059}.Release|Any CPU.ActiveCfg = Release|Any CPU
		{B4832C15-FC8C-4A55-A32D-134EEDFBC059}.Release|Any CPU.Build.0 = Release|Any CPU
		{9AD99BA0-8250-45EF-8401-D1D95848E14B}.Debug|Any CPU.ActiveCfg = Debug|Any CPU
		{9AD99BA0-8250-45EF-8401-D1D95848E14B}.Debug|Any CPU.Build.0 = Debug|Any CPU
		{9AD99BA0-8250-45EF-8401-D1D95848E14B}.Release|Any CPU.ActiveCfg = Release|Any CPU
		{9AD99BA0-8250-45EF-8401-D1D95848E14B}.Release|Any CPU.Build.0 = Release|Any CPU
		{1115008C-E173-4759-85BA-F569CB2CE54B}.Debug|Any CPU.ActiveCfg = Debug|Any CPU
		{1115008C-E173-4759-85BA-F569CB2CE54B}.Debug|Any CPU.Build.0 = Debug|Any CPU
		{1115008C-E173-4759-85BA-F569CB2CE54B}.Release|Any CPU.ActiveCfg = Release|Any CPU
		{1115008C-E173-4759-85BA-F569CB2CE54B}.Release|Any CPU.Build.0 = Release|Any CPU
		{A5051FD7-668C-4F0E-95EE-5C818D453613}.Debug|Any CPU.ActiveCfg = Debug|Any CPU
		{A5051FD7-668C-4F0E-95EE-5C818D453613}.Debug|Any CPU.Build.0 = Debug|Any CPU
		{A5051FD7-668C-4F0E-95EE-5C818D453613}.Release|Any CPU.ActiveCfg = Release|Any CPU
		{A5051FD7-668C-4F0E-95EE-5C818D453613}.Release|Any CPU.Build.0 = Release|Any CPU
	EndGlobalSection
	GlobalSection(SolutionProperties) = preSolution
		HideSolutionNode = FALSE
	EndGlobalSection
	GlobalSection(ExtensibilityGlobals) = postSolution
		SolutionGuid = {E94805AD-EFB1-46C7-965D-9DA2B9985056}
	EndGlobalSection
EndGlobal
